
Microsoft Visual Studio Solution File, Format Version 12.00
# Visual Studio Version 17
VisualStudioVersion = 17.0.31903.59
MinimumVisualStudioVersion = 10.0.40219.1
Project("{2150E333-8FDC-42A3-9474-1A3956D46DE8}") = "src", "src", "{EC3D52B8-7AC8-4919-96C1-8B9424AFD149}"
EndProject
Project("{FAE04EC0-301F-11D3-BF4B-00C04F79EFBC}") = "MassTransitDemo.Core", "src\MassTransitDemo.Core\MassTransitDemo.Core.csproj", "{BD0C8176-2EFD-4B5C-9577-F300D80F6D44}"
EndProject
Project("{FAE04EC0-301F-11D3-BF4B-00C04F79EFBC}") = "MassTransitDemo.Console", "src\MassTransitDemo.Console\MassTransitDemo.Console.csproj", "{6373BB8B-81B0-4A9F-BF8E-39ADC5237AF1}"
EndProject
Project("{FAE04EC0-301F-11D3-BF4B-00C04F79EFBC}") = "MassTransitDemo.Transports", "src\MassTransitDemo.Transports\MassTransitDemo.Transports.csproj", "{C2869F29-5B29-40AF-A1B8-B0C203B353C1}"
EndProject
Project("{FAE04EC0-301F-11D3-BF4B-00C04F79EFBC}") = "MassTransitDemo.Features.BasicMessaging", "src\MassTransitDemo.Features.BasicMessaging\MassTransitDemo.Features.BasicMessaging.csproj", "{E7210357-872C-4037-922E-A69A1579BD6C}"
EndProject
Project("{2150E333-8FDC-42A3-9474-1A3956D46DE8}") = "tests", "tests", "{0AB3BF05-4346-4AA6-1389-037BE0695223}"
EndProject
Project("{FAE04EC0-301F-11D3-BF4B-00C04F79EFBC}") = "MassTransitDemo.Tests.BasicMessaging", "tests\MassTransitDemo.Tests.BasicMessaging\MassTransitDemo.Tests.BasicMessaging.csproj", "{2FFFC48C-C8D4-4567-BB89-765A9F7BFA07}"
EndProject
Project("{FAE04EC0-301F-11D3-BF4B-00C04F79EFBC}") = "MassTransitDemo.Features.ErrorHandling", "src\MassTransitDemo.Features.ErrorHandling\MassTransitDemo.Features.ErrorHandling.csproj", "{F42DF0CC-390E-478E-8B69-A51FB4714F95}"
EndProject
Project("{FAE04EC0-301F-11D3-BF4B-00C04F79EFBC}") = "MassTransitDemo.Tests.ErrorHandling", "tests\MassTransitDemo.Tests.ErrorHandling\MassTransitDemo.Tests.ErrorHandling.csproj", "{57D04397-C32F-403F-B752-8683525CA7C9}"
EndProject
Project("{FAE04EC0-301F-11D3-BF4B-00C04F79EFBC}") = "MassTransitDemo.Features.Outbox", "src\MassTransitDemo.Features.Outbox\MassTransitDemo.Features.Outbox.csproj", "{E52F0850-47AA-43EB-8B56-F3781697F292}"
EndProject
Project("{FAE04EC0-301F-11D3-BF4B-00C04F79EFBC}") = "MassTransitDemo.Tests.Outbox", "tests\MassTransitDemo.Tests.Outbox\MassTransitDemo.Tests.Outbox.csproj", "{2B92A7C0-F241-48BD-904B-2315CC7FE0D8}"
EndProject
Global
	GlobalSection(SolutionConfigurationPlatforms) = preSolution
		Debug|Any CPU = Debug|Any CPU
		Debug|x64 = Debug|x64
		Debug|x86 = Debug|x86
		Release|Any CPU = Release|Any CPU
		Release|x64 = Release|x64
		Release|x86 = Release|x86
	EndGlobalSection
	GlobalSection(ProjectConfigurationPlatforms) = postSolution
		{BD0C8176-2EFD-4B5C-9577-F300D80F6D44}.Debug|Any CPU.ActiveCfg = Debug|Any CPU
		{BD0C8176-2EFD-4B5C-9577-F300D80F6D44}.Debug|Any CPU.Build.0 = Debug|Any CPU
		{BD0C8176-2EFD-4B5C-9577-F300D80F6D44}.Debug|x64.ActiveCfg = Debug|Any CPU
		{BD0C8176-2EFD-4B5C-9577-F300D80F6D44}.Debug|x64.Build.0 = Debug|Any CPU
		{BD0C8176-2EFD-4B5C-9577-F300D80F6D44}.Debug|x86.ActiveCfg = Debug|Any CPU
		{BD0C8176-2EFD-4B5C-9577-F300D80F6D44}.Debug|x86.Build.0 = Debug|Any CPU
		{BD0C8176-2EFD-4B5C-9577-F300D80F6D44}.Release|Any CPU.ActiveCfg = Release|Any CPU
		{BD0C8176-2EFD-4B5C-9577-F300D80F6D44}.Release|Any CPU.Build.0 = Release|Any CPU
		{BD0C8176-2EFD-4B5C-9577-F300D80F6D44}.Release|x64.ActiveCfg = Release|Any CPU
		{BD0C8176-2EFD-4B5C-9577-F300D80F6D44}.Release|x64.Build.0 = Release|Any CPU
		{BD0C8176-2EFD-4B5C-9577-F300D80F6D44}.Release|x86.ActiveCfg = Release|Any CPU
		{BD0C8176-2EFD-4B5C-9577-F300D80F6D44}.Release|x86.Build.0 = Release|Any CPU
		{6373BB8B-81B0-4A9F-BF8E-39ADC5237AF1}.Debug|Any CPU.ActiveCfg = Debug|Any CPU
		{6373BB8B-81B0-4A9F-BF8E-39ADC5237AF1}.Debug|Any CPU.Build.0 = Debug|Any CPU
		{6373BB8B-81B0-4A9F-BF8E-39ADC5237AF1}.Debug|x64.ActiveCfg = Debug|Any CPU
		{6373BB8B-81B0-4A9F-BF8E-39ADC5237AF1}.Debug|x64.Build.0 = Debug|Any CPU
		{6373BB8B-81B0-4A9F-BF8E-39ADC5237AF1}.Debug|x86.ActiveCfg = Debug|Any CPU
		{6373BB8B-81B0-4A9F-BF8E-39ADC5237AF1}.Debug|x86.Build.0 = Debug|Any CPU
		{6373BB8B-81B0-4A9F-BF8E-39ADC5237AF1}.Release|Any CPU.ActiveCfg = Release|Any CPU
		{6373BB8B-81B0-4A9F-BF8E-39ADC5237AF1}.Release|Any CPU.Build.0 = Release|Any CPU
		{6373BB8B-81B0-4A9F-BF8E-39ADC5237AF1}.Release|x64.ActiveCfg = Release|Any CPU
		{6373BB8B-81B0-4A9F-BF8E-39ADC5237AF1}.Release|x64.Build.0 = Release|Any CPU
		{6373BB8B-81B0-4A9F-BF8E-39ADC5237AF1}.Release|x86.ActiveCfg = Release|Any CPU
		{6373BB8B-81B0-4A9F-BF8E-39ADC5237AF1}.Release|x86.Build.0 = Release|Any CPU
		{C2869F29-5B29-40AF-A1B8-B0C203B353C1}.Debug|Any CPU.ActiveCfg = Debug|Any CPU
		{C2869F29-5B29-40AF-A1B8-B0C203B353C1}.Debug|Any CPU.Build.0 = Debug|Any CPU
		{C2869F29-5B29-40AF-A1B8-B0C203B353C1}.Debug|x64.ActiveCfg = Debug|Any CPU
		{C2869F29-5B29-40AF-A1B8-B0C203B353C1}.Debug|x64.Build.0 = Debug|Any CPU
		{C2869F29-5B29-40AF-A1B8-B0C203B353C1}.Debug|x86.ActiveCfg = Debug|Any CPU
		{C2869F29-5B29-40AF-A1B8-B0C203B353C1}.Debug|x86.Build.0 = Debug|Any CPU
		{C2869F29-5B29-40AF-A1B8-B0C203B353C1}.Release|Any CPU.ActiveCfg = Release|Any CPU
		{C2869F29-5B29-40AF-A1B8-B0C203B353C1}.Release|Any CPU.Build.0 = Release|Any CPU
		{C2869F29-5B29-40AF-A1B8-B0C203B353C1}.Release|x64.ActiveCfg = Release|Any CPU
		{C2869F29-5B29-40AF-A1B8-B0C203B353C1}.Release|x64.Build.0 = Release|Any CPU
		{C2869F29-5B29-40AF-A1B8-B0C203B353C1}.Release|x86.ActiveCfg = Release|Any CPU
		{C2869F29-5B29-40AF-A1B8-B0C203B353C1}.Release|x86.Build.0 = Release|Any CPU
		{E7210357-872C-4037-922E-A69A1579BD6C}.Debug|Any CPU.ActiveCfg = Debug|Any CPU
		{E7210357-872C-4037-922E-A69A1579BD6C}.Debug|Any CPU.Build.0 = Debug|Any CPU
		{E7210357-872C-4037-922E-A69A1579BD6C}.Debug|x64.ActiveCfg = Debug|Any CPU
		{E7210357-872C-4037-922E-A69A1579BD6C}.Debug|x64.Build.0 = Debug|Any CPU
		{E7210357-872C-4037-922E-A69A1579BD6C}.Debug|x86.ActiveCfg = Debug|Any CPU
		{E7210357-872C-4037-922E-A69A1579BD6C}.Debug|x86.Build.0 = Debug|Any CPU
		{E7210357-872C-4037-922E-A69A1579BD6C}.Release|Any CPU.ActiveCfg = Release|Any CPU
		{E7210357-872C-4037-922E-A69A1579BD6C}.Release|Any CPU.Build.0 = Release|Any CPU
		{E7210357-872C-4037-922E-A69A1579BD6C}.Release|x64.ActiveCfg = Release|Any CPU
		{E7210357-872C-4037-922E-A69A1579BD6C}.Release|x64.Build.0 = Release|Any CPU
		{E7210357-872C-4037-922E-A69A1579BD6C}.Release|x86.ActiveCfg = Release|Any CPU
		{E7210357-872C-4037-922E-A69A1579BD6C}.Release|x86.Build.0 = Release|Any CPU
		{2FFFC48C-C8D4-4567-BB89-765A9F7BFA07}.Debug|Any CPU.ActiveCfg = Debug|Any CPU
		{2FFFC48C-C8D4-4567-BB89-765A9F7BFA07}.Debug|Any CPU.Build.0 = Debug|Any CPU
		{2FFFC48C-C8D4-4567-BB89-765A9F7BFA07}.Debug|x64.ActiveCfg = Debug|Any CPU
		{2FFFC48C-C8D4-4567-BB89-765A9F7BFA07}.Debug|x64.Build.0 = Debug|Any CPU
		{2FFFC48C-C8D4-4567-BB89-765A9F7BFA07}.Debug|x86.ActiveCfg = Debug|Any CPU
		{2FFFC48C-C8D4-4567-BB89-765A9F7BFA07}.Debug|x86.Build.0 = Debug|Any CPU
		{2FFFC48C-C8D4-4567-BB89-765A9F7BFA07}.Release|Any CPU.ActiveCfg = Release|Any CPU
		{2FFFC48C-C8D4-4567-BB89-765A9F7BFA07}.Release|Any CPU.Build.0 = Release|Any CPU
		{2FFFC48C-C8D4-4567-BB89-765A9F7BFA07}.Release|x64.ActiveCfg = Release|Any CPU
		{2FFFC48C-C8D4-4567-BB89-765A9F7BFA07}.Release|x64.Build.0 = Release|Any CPU
		{2FFFC48C-C8D4-4567-BB89-765A9F7BFA07}.Release|x86.ActiveCfg = Release|Any CPU
		{2FFFC48C-C8D4-4567-BB89-765A9F7BFA07}.Release|x86.Build.0 = Release|Any CPU
		{F42DF0CC-390E-478E-8B69-A51FB4714F95}.Debug|Any CPU.ActiveCfg = Debug|Any CPU
		{F42DF0CC-390E-478E-8B69-A51FB4714F95}.Debug|Any CPU.Build.0 = Debug|Any CPU
		{F42DF0CC-390E-478E-8B69-A51FB4714F95}.Debug|x64.ActiveCfg = Debug|Any CPU
		{F42DF0CC-390E-478E-8B69-A51FB4714F95}.Debug|x64.Build.0 = Debug|Any CPU
		{F42DF0CC-390E-478E-8B69-A51FB4714F95}.Debug|x86.ActiveCfg = Debug|Any CPU
		{F42DF0CC-390E-478E-8B69-A51FB4714F95}.Debug|x86.Build.0 = Debug|Any CPU
		{F42DF0CC-390E-478E-8B69-A51FB4714F95}.Release|Any CPU.ActiveCfg = Release|Any CPU
		{F42DF0CC-390E-478E-8B69-A51FB4714F95}.Release|Any CPU.Build.0 = Release|Any CPU
		{F42DF0CC-390E-478E-8B69-A51FB4714F95}.Release|x64.ActiveCfg = Release|Any CPU
		{F42DF0CC-390E-478E-8B69-A51FB4714F95}.Release|x64.Build.0 = Release|Any CPU
		{F42DF0CC-390E-478E-8B69-A51FB4714F95}.Release|x86.ActiveCfg = Release|Any CPU
		{F42DF0CC-390E-478E-8B69-A51FB4714F95}.Release|x86.Build.0 = Release|Any CPU
		{57D04397-C32F-403F-B752-8683525CA7C9}.Debug|Any CPU.ActiveCfg = Debug|Any CPU
		{57D04397-C32F-403F-B752-8683525CA7C9}.Debug|Any CPU.Build.0 = Debug|Any CPU
		{57D04397-C32F-403F-B752-8683525CA7C9}.Debug|x64.ActiveCfg = Debug|Any CPU
		{57D04397-C32F-403F-B752-8683525CA7C9}.Debug|x64.Build.0 = Debug|Any CPU
		{57D04397-C32F-403F-B752-8683525CA7C9}.Debug|x86.ActiveCfg = Debug|Any CPU
		{57D04397-C32F-403F-B752-8683525CA7C9}.Debug|x86.Build.0 = Debug|Any CPU
		{57D04397-C32F-403F-B752-8683525CA7C9}.Release|Any CPU.ActiveCfg = Release|Any CPU
		{57D04397-C32F-403F-B752-8683525CA7C9}.Release|Any CPU.Build.0 = Release|Any CPU
		{57D04397-C32F-403F-B752-8683525CA7C9}.Release|x64.ActiveCfg = Release|Any CPU
		{57D04397-C32F-403F-B752-8683525CA7C9}.Release|x64.Build.0 = Release|Any CPU
		{57D04397-C32F-403F-B752-8683525CA7C9}.Release|x86.ActiveCfg = Release|Any CPU
		{57D04397-C32F-403F-B752-8683525CA7C9}.Release|x86.Build.0 = Release|Any CPU
		{E52F0850-47AA-43EB-8B56-F3781697F292}.Debug|Any CPU.ActiveCfg = Debug|Any CPU
		{E52F0850-47AA-43EB-8B56-F3781697F292}.Debug|Any CPU.Build.0 = Debug|Any CPU
		{E52F0850-47AA-43EB-8B56-F3781697F292}.Debug|x64.ActiveCfg = Debug|Any CPU
		{E52F0850-47AA-43EB-8B56-F3781697F292}.Debug|x64.Build.0 = Debug|Any CPU
		{E52F0850-47AA-43EB-8B56-F3781697F292}.Debug|x86.ActiveCfg = Debug|Any CPU
		{E52F0850-47AA-43EB-8B56-F3781697F292}.Debug|x86.Build.0 = Debug|Any CPU
		{E52F0850-47AA-43EB-8B56-F3781697F292}.Release|Any CPU.ActiveCfg = Release|Any CPU
		{E52F0850-47AA-43EB-8B56-F3781697F292}.Release|Any CPU.Build.0 = Release|Any CPU
		{E52F0850-47AA-43EB-8B56-F3781697F292}.Release|x64.ActiveCfg = Release|Any CPU
		{E52F0850-47AA-43EB-8B56-F3781697F292}.Release|x64.Build.0 = Release|Any CPU
		{E52F0850-47AA-43EB-8B56-F3781697F292}.Release|x86.ActiveCfg = Release|Any CPU
		{E52F0850-47AA-43EB-8B56-F3781697F292}.Release|x86.Build.0 = Release|Any CPU
		{2B92A7C0-F241-48BD-904B-2315CC7FE0D8}.Debug|Any CPU.ActiveCfg = Debug|Any CPU
		{2B92A7C0-F241-48BD-904B-2315CC7FE0D8}.Debug|Any CPU.Build.0 = Debug|Any CPU
		{2B92A7C0-F241-48BD-904B-2315CC7FE0D8}.Debug|x64.ActiveCfg = Debug|Any CPU
		{2B92A7C0-F241-48BD-904B-2315CC7FE0D8}.Debug|x64.Build.0 = Debug|Any CPU
		{2B92A7C0-F241-48BD-904B-2315CC7FE0D8}.Debug|x86.ActiveCfg = Debug|Any CPU
		{2B92A7C0-F241-48BD-904B-2315CC7FE0D8}.Debug|x86.Build.0 = Debug|Any CPU
		{2B92A7C0-F241-48BD-904B-2315CC7FE0D8}.Release|Any CPU.ActiveCfg = Release|Any CPU
		{2B92A7C0-F241-48BD-904B-2315CC7FE0D8}.Release|Any CPU.Build.0 = Release|Any CPU
		{2B92A7C0-F241-48BD-904B-2315CC7FE0D8}.Release|x64.ActiveCfg = Release|Any CPU
		{2B92A7C0-F241-48BD-904B-2315CC7FE0D8}.Release|x64.Build.0 = Release|Any CPU
		{2B92A7C0-F241-48BD-904B-2315CC7FE0D8}.Release|x86.ActiveCfg = Release|Any CPU
		{2B92A7C0-F241-48BD-904B-2315CC7FE0D8}.Release|x86.Build.0 = Release|Any CPU
	EndGlobalSection
	GlobalSection(SolutionProperties) = preSolution
		HideSolutionNode = FALSE
	EndGlobalSection
	GlobalSection(NestedProjects) = preSolution
		{BD0C8176-2EFD-4B5C-9577-F300D80F6D44} = {EC3D52B8-7AC8-4919-96C1-8B9424AFD149}
		{6373BB8B-81B0-4A9F-BF8E-39ADC5237AF1} = {EC3D52B8-7AC8-4919-96C1-8B9424AFD149}
		{C2869F29-5B29-40AF-A1B8-B0C203B353C1} = {EC3D52B8-7AC8-4919-96C1-8B9424AFD149}
		{E7210357-872C-4037-922E-A69A1579BD6C} = {EC3D52B8-7AC8-4919-96C1-8B9424AFD149}
		{2FFFC48C-C8D4-4567-BB89-765A9F7BFA07} = {0AB3BF05-4346-4AA6-1389-037BE0695223}
		{F42DF0CC-390E-478E-8B69-A51FB4714F95} = {EC3D52B8-7AC8-4919-96C1-8B9424AFD149}
		{57D04397-C32F-403F-B752-8683525CA7C9} = {0AB3BF05-4346-4AA6-1389-037BE0695223}
		{E52F0850-47AA-43EB-8B56-F3781697F292} = {EC3D52B8-7AC8-4919-96C1-8B9424AFD149}
		{2B92A7C0-F241-48BD-904B-2315CC7FE0D8} = {0AB3BF05-4346-4AA6-1389-037BE0695223}
	EndGlobalSection
EndGlobal
